
Microsoft Visual Studio Solution File, Format Version 12.00
# Visual Studio 15
VisualStudioVersion = 15.0.28010.2019
MinimumVisualStudioVersion = 10.0.40219.1
Project("{FAE04EC0-301F-11D3-BF4B-00C04F79EFBC}") = "TypingTrainer", "TypingTrainer.csproj", "{35EAF584-2390-46CA-BF9D-465D48565BB5}"
EndProject
Global
	GlobalSection(SolutionConfigurationPlatforms) = preSolution
		Debug|Any CPU = Debug|Any CPU
		Release|Any CPU = Release|Any CPU
	EndGlobalSection
	GlobalSection(ProjectConfigurationPlatforms) = postSolution
		{35EAF584-2390-46CA-BF9D-465D48565BB5}.Debug|Any CPU.ActiveCfg = Debug|Any CPU
		{35EAF584-2390-46CA-BF9D-465D48565BB5}.Debug|Any CPU.Build.0 = Debug|Any CPU
		{35EAF584-2390-46CA-BF9D-465D48565BB5}.Release|Any CPU.ActiveCfg = Release|Any CPU
		{35EAF584-2390-46CA-BF9D-465D48565BB5}.Release|Any CPU.Build.0 = Release|Any CPU
	EndGlobalSection
	GlobalSection(SolutionProperties) = preSolution
		HideSolutionNode = FALSE
	EndGlobalSection
	GlobalSection(ExtensibilityGlobals) = postSolution
		SolutionGuid = {FFC0C83E-8EAE-48EB-9FC3-B288ABBDFA9B}
	EndGlobalSection
EndGlobal
